{
  "requires": true,
  "lockfileVersion": 1,
  "dependencies": {
    "chart.js": {
      "version": "3.6.0",
      "resolved": "https://registry.npmjs.org/chart.js/-/chart.js-3.6.0.tgz",
      "integrity": "sha512-iOzzDKePL+bj+ccIsVAgWQehCXv8xOKGbaU2fO/myivH736zcx535PGJzQGanvcSGVOqX6yuLZsN3ygcQ35UgQ=="
    },
    "react-chartjs-2": {
      "version": "3.3.0",
      "resolved": "https://registry.npmjs.org/react-chartjs-2/-/react-chartjs-2-3.3.0.tgz",
      "integrity": "sha512-4Mt0SR2aiUbWi/4762odRBYSnbNKSs4HWc0o3IW43py5bMfmfpeZU95w6mbvtuLZH/M3GsPJMU8DvDc+5U9blQ=="
    }
  }
}
